
Microsoft Visual Studio Solution File, Format Version 12.00
# Visual Studio Version 17
VisualStudioVersion = 17.14.36616.10 d17.14
MinimumVisualStudioVersion = 10.0.40219.1
Project("{FAE04EC0-301F-11D3-BF4B-00C04F79EFBC}") = "DeskAssistant.Core", "DeskAssistant.Core\DeskAssistant.Core.csproj", "{2CE71748-EB59-4C98-8D38-31F6922AE7A2}"
EndProject
Global
	GlobalSection(SolutionConfigurationPlatforms) = preSolution
		Debug|Any CPU = Debug|Any CPU
		Release|Any CPU = Release|Any CPU
	EndGlobalSection
	GlobalSection(ProjectConfigurationPlatforms) = postSolution
		{2CE71748-EB59-4C98-8D38-31F6922AE7A2}.Debug|Any CPU.ActiveCfg = Debug|Any CPU
		{2CE71748-EB59-4C98-8D38-31F6922AE7A2}.Debug|Any CPU.Build.0 = Debug|Any CPU
		{2CE71748-EB59-4C98-8D38-31F6922AE7A2}.Release|Any CPU.ActiveCfg = Release|Any CPU
		{2CE71748-EB59-4C98-8D38-31F6922AE7A2}.Release|Any CPU.Build.0 = Release|Any CPU
	EndGlobalSection
	GlobalSection(SolutionProperties) = preSolution
		HideSolutionNode = FALSE
	EndGlobalSection
	GlobalSection(ExtensibilityGlobals) = postSolution
		SolutionGuid = {23FADBFD-C605-4C3B-B421-26F244B6D70C}
	EndGlobalSection
EndGlobal
